
Microsoft Visual Studio Solution File, Format Version 12.00
# Visual Studio 2013
VisualStudioVersion = 12.0.31101.0
MinimumVisualStudioVersion = 10.0.40219.1
Project("{FAE04EC0-301F-11D3-BF4B-00C04F79EFBC}") = "C86BoxConfig", "C86BoxConfig\C86BoxConfig.csproj", "{AF1C63DF-5BA1-429E-8CFD-A10C6EFA8F2D}"
EndProject
Project("{8BC9CEB8-8B4A-11D0-8D11-00A0C91BC942}") = "C86BoxUtil", "C86BoxUtil\C86BoxUtil.vcxproj", "{2DE93E45-8247-4FFB-A278-594396E0B13D}"
EndProject
Project("{FAE04EC0-301F-11D3-BF4B-00C04F79EFBC}") = "C86BoxUtilSample", "C86UtilSample\C86BoxUtilSample.csproj", "{15A2442F-190C-4DA0-9652-5689FD7DCC9B}"
EndProject
Global
	GlobalSection(SolutionConfigurationPlatforms) = preSolution
		Debug|Win32 = Debug|Win32
		Release|Win32 = Release|Win32
	EndGlobalSection
	GlobalSection(ProjectConfigurationPlatforms) = postSolution
		{AF1C63DF-5BA1-429E-8CFD-A10C6EFA8F2D}.Debug|Win32.ActiveCfg = Debug|x86
		{AF1C63DF-5BA1-429E-8CFD-A10C6EFA8F2D}.Debug|Win32.Build.0 = Debug|x86
		{AF1C63DF-5BA1-429E-8CFD-A10C6EFA8F2D}.Release|Win32.ActiveCfg = Release|x86
		{AF1C63DF-5BA1-429E-8CFD-A10C6EFA8F2D}.Release|Win32.Build.0 = Release|x86
		{2DE93E45-8247-4FFB-A278-594396E0B13D}.Debug|Win32.ActiveCfg = Debug|Win32
		{2DE93E45-8247-4FFB-A278-594396E0B13D}.Debug|Win32.Build.0 = Debug|Win32
		{2DE93E45-8247-4FFB-A278-594396E0B13D}.Release|Win32.ActiveCfg = Release|Win32
		{2DE93E45-8247-4FFB-A278-594396E0B13D}.Release|Win32.Build.0 = Release|Win32
		{15A2442F-190C-4DA0-9652-5689FD7DCC9B}.Debug|Win32.ActiveCfg = Debug|x86
		{15A2442F-190C-4DA0-9652-5689FD7DCC9B}.Debug|Win32.Build.0 = Debug|x86
		{15A2442F-190C-4DA0-9652-5689FD7DCC9B}.Release|Win32.ActiveCfg = Release|x86
		{15A2442F-190C-4DA0-9652-5689FD7DCC9B}.Release|Win32.Build.0 = Release|x86
	EndGlobalSection
	GlobalSection(SolutionProperties) = preSolution
		HideSolutionNode = FALSE
	EndGlobalSection
EndGlobal
